
Microsoft Visual Studio Solution File, Format Version 12.00
# Visual Studio Version 17
VisualStudioVersion = 17.4.33403.182
MinimumVisualStudioVersion = 10.0.40219.1
Project("{FAE04EC0-301F-11D3-BF4B-00C04F79EFBC}") = "SistemaDeTarefas", "SistemaDeTarefas\SistemaDeTarefas.csproj", "{74D206DA-BCE6-4A3D-AEB9-794837194A12}"
EndProject
Global
	GlobalSection(SolutionConfigurationPlatforms) = preSolution
		Debug|Any CPU = Debug|Any CPU
		Release|Any CPU = Release|Any CPU
	EndGlobalSection
	GlobalSection(ProjectConfigurationPlatforms) = postSolution
		{74D206DA-BCE6-4A3D-AEB9-794837194A12}.Debug|Any CPU.ActiveCfg = Debug|Any CPU
		{74D206DA-BCE6-4A3D-AEB9-794837194A12}.Debug|Any CPU.Build.0 = Debug|Any CPU
		{74D206DA-BCE6-4A3D-AEB9-794837194A12}.Release|Any CPU.ActiveCfg = Release|Any CPU
		{74D206DA-BCE6-4A3D-AEB9-794837194A12}.Release|Any CPU.Build.0 = Release|Any CPU
	EndGlobalSection
	GlobalSection(SolutionProperties) = preSolution
		HideSolutionNode = FALSE
	EndGlobalSection
	GlobalSection(ExtensibilityGlobals) = postSolution
		SolutionGuid = {B2B3AF8C-D988-4662-87CB-25A0B3F74AD4}
	EndGlobalSection
EndGlobal
